
Microsoft Visual Studio Solution File, Format Version 12.00
# Visual Studio Version 17
VisualStudioVersion = 17.3.32804.467
MinimumVisualStudioVersion = 10.0.40219.1
Project("{9A19103F-16F7-4668-BE54-9A1E7A4F7556}") = "Ambientacao", "Ambientacao\Ambientacao.csproj", "{E8A903DE-91ED-4E47-9BF3-BD547147C7A8}"
EndProject
Project("{9A19103F-16F7-4668-BE54-9A1E7A4F7556}") = "SimuladorCalculadora", "SimuladorCalculadora\SimuladorCalculadora.csproj", "{8E8EA131-56F0-4FAA-8EA5-A604B960CD09}"
EndProject
Project("{9A19103F-16F7-4668-BE54-9A1E7A4F7556}") = "Tabuada", "Tabuada\Tabuada.csproj", "{37877CDC-7AB4-4942-B980-C68253F382CD}"
EndProject
Project("{FAE04EC0-301F-11D3-BF4B-00C04F79EFBC}") = "ProjetoSaudacoes", "ProjetoSaudacoes\ProjetoSaudacoes.csproj", "{9FD91528-8319-4685-8542-DA9D2F7EB50D}"
EndProject
Global
	GlobalSection(SolutionConfigurationPlatforms) = preSolution
		Debug|Any CPU = Debug|Any CPU
		Release|Any CPU = Release|Any CPU
	EndGlobalSection
	GlobalSection(ProjectConfigurationPlatforms) = postSolution
		{E8A903DE-91ED-4E47-9BF3-BD547147C7A8}.Debug|Any CPU.ActiveCfg = Debug|Any CPU
		{E8A903DE-91ED-4E47-9BF3-BD547147C7A8}.Debug|Any CPU.Build.0 = Debug|Any CPU
		{E8A903DE-91ED-4E47-9BF3-BD547147C7A8}.Release|Any CPU.ActiveCfg = Release|Any CPU
		{E8A903DE-91ED-4E47-9BF3-BD547147C7A8}.Release|Any CPU.Build.0 = Release|Any CPU
		{8E8EA131-56F0-4FAA-8EA5-A604B960CD09}.Debug|Any CPU.ActiveCfg = Debug|Any CPU
		{8E8EA131-56F0-4FAA-8EA5-A604B960CD09}.Debug|Any CPU.Build.0 = Debug|Any CPU
		{8E8EA131-56F0-4FAA-8EA5-A604B960CD09}.Release|Any CPU.ActiveCfg = Release|Any CPU
		{8E8EA131-56F0-4FAA-8EA5-A604B960CD09}.Release|Any CPU.Build.0 = Release|Any CPU
		{37877CDC-7AB4-4942-B980-C68253F382CD}.Debug|Any CPU.ActiveCfg = Debug|Any CPU
		{37877CDC-7AB4-4942-B980-C68253F382CD}.Debug|Any CPU.Build.0 = Debug|Any CPU
		{37877CDC-7AB4-4942-B980-C68253F382CD}.Release|Any CPU.ActiveCfg = Release|Any CPU
		{37877CDC-7AB4-4942-B980-C68253F382CD}.Release|Any CPU.Build.0 = Release|Any CPU
		{9FD91528-8319-4685-8542-DA9D2F7EB50D}.Debug|Any CPU.ActiveCfg = Debug|Any CPU
		{9FD91528-8319-4685-8542-DA9D2F7EB50D}.Debug|Any CPU.Build.0 = Debug|Any CPU
		{9FD91528-8319-4685-8542-DA9D2F7EB50D}.Release|Any CPU.ActiveCfg = Release|Any CPU
		{9FD91528-8319-4685-8542-DA9D2F7EB50D}.Release|Any CPU.Build.0 = Release|Any CPU
	EndGlobalSection
	GlobalSection(SolutionProperties) = preSolution
		HideSolutionNode = FALSE
	EndGlobalSection
	GlobalSection(ExtensibilityGlobals) = postSolution
		SolutionGuid = {692BF29B-620F-41F6-A638-2C5F689D96B5}
	EndGlobalSection
EndGlobal
